
Microsoft Visual Studio Solution File, Format Version 12.00
# Visual Studio Version 17
VisualStudioVersion = 17.13.35919.96 d17.13
MinimumVisualStudioVersion = 10.0.40219.1
Project("{FAE04EC0-301F-11D3-BF4B-00C04F79EFBC}") = "DataValaidationProject", "DataValaidationProject.csproj", "{CF4304CD-E683-4AD7-BCF9-AAB9A9D5F9D7}"
EndProject
Global
	GlobalSection(SolutionConfigurationPlatforms) = preSolution
		Debug|Any CPU = Debug|Any CPU
		Release|Any CPU = Release|Any CPU
	EndGlobalSection
	GlobalSection(ProjectConfigurationPlatforms) = postSolution
		{CF4304CD-E683-4AD7-BCF9-AAB9A9D5F9D7}.Debug|Any CPU.ActiveCfg = Debug|Any CPU
		{CF4304CD-E683-4AD7-BCF9-AAB9A9D5F9D7}.Debug|Any CPU.Build.0 = Debug|Any CPU
		{CF4304CD-E683-4AD7-BCF9-AAB9A9D5F9D7}.Release|Any CPU.ActiveCfg = Release|Any CPU
		{CF4304CD-E683-4AD7-BCF9-AAB9A9D5F9D7}.Release|Any CPU.Build.0 = Release|Any CPU
	EndGlobalSection
	GlobalSection(SolutionProperties) = preSolution
		HideSolutionNode = FALSE
	EndGlobalSection
	GlobalSection(ExtensibilityGlobals) = postSolution
		SolutionGuid = {14477144-B8B4-4012-93C5-A6CC77DD9084}
	EndGlobalSection
EndGlobal
